
Microsoft Visual Studio Solution File, Format Version 12.00
# Visual Studio Version 17
VisualStudioVersion = 17.7.34031.279
MinimumVisualStudioVersion = 10.0.40219.1
Project("{FAE04EC0-301F-11D3-BF4B-00C04F79EFBC}") = "Otel", "Otel\Otel.csproj", "{6084B1FC-A699-4F85-B62C-E81B4C2D56F4}"
EndProject
Global
	GlobalSection(SolutionConfigurationPlatforms) = preSolution
		Debug|Any CPU = Debug|Any CPU
		Release|Any CPU = Release|Any CPU
	EndGlobalSection
	GlobalSection(ProjectConfigurationPlatforms) = postSolution
		{6084B1FC-A699-4F85-B62C-E81B4C2D56F4}.Debug|Any CPU.ActiveCfg = Debug|Any CPU
		{6084B1FC-A699-4F85-B62C-E81B4C2D56F4}.Debug|Any CPU.Build.0 = Debug|Any CPU
		{6084B1FC-A699-4F85-B62C-E81B4C2D56F4}.Release|Any CPU.ActiveCfg = Release|Any CPU
		{6084B1FC-A699-4F85-B62C-E81B4C2D56F4}.Release|Any CPU.Build.0 = Release|Any CPU
	EndGlobalSection
	GlobalSection(SolutionProperties) = preSolution
		HideSolutionNode = FALSE
	EndGlobalSection
	GlobalSection(ExtensibilityGlobals) = postSolution
		SolutionGuid = {3D3A6DA6-C9C3-452F-B25C-94234A3E5D10}
	EndGlobalSection
EndGlobal
